{
  "version": 1,
  "dependencies": {
    "net10.0": {
      "Microsoft.Agents.AI.DurableTask": {
        "type": "Direct",
        "requested": "[1.16.0-preview.260730.1, )",
        "resolved": "1.16.0-preview.260730.1",
        "contentHash": "pL9l1AA9eVxk18l/KO1Spq5FqetXnOoQIl3CKRVtLB6jPsklhBiUXh+Xo+7txqwFwnf4rk0TYkmyJB+RtFXQiQ==",
        "dependencies": {
          "Microsoft.Agents.AI": "1.16.0",
          "Microsoft.Agents.AI.Workflows": "1.16.0",
          "Microsoft.Bcl.AsyncInterfaces": "10.0.9",
          "Microsoft.DurableTask.Client": "1.18.0",
          "Microsoft.DurableTask.Worker": "1.18.0",
          "Microsoft.Extensions.AI": "10.7.0",
          "Microsoft.Extensions.AI.Abstractions": "10.7.0",
          "Microsoft.Extensions.AI.Evaluation": "10.7.0",
          "Microsoft.Extensions.Caching.Memory": "10.0.0",
          "Microsoft.Extensions.Compliance.Abstractions": "10.5.0",
          "Microsoft.Extensions.DependencyInjection.Abstractions": "10.0.9",
          "Microsoft.Extensions.FileSystemGlobbing": "10.0.6",
          "Microsoft.Extensions.Logging.Abstractions": "10.0.9",
          "Microsoft.Extensions.VectorData.Abstractions": "10.7.0",
          "Microsoft.ML.Tokenizers": "2.0.0",
          "Newtonsoft.Json": "13.0.4",
          "OpenTelemetry.Api": "1.15.3"
        }
      },
      "Microsoft.Agents.AI.Workflows": {
        "type": "Direct",
        "requested": "[1.16.0, )",
        "resolved": "1.16.0",
        "contentHash": "fNI6JjqARcdZqeuAXa18ucryjVO7c7haC9FLJVs9pjdjxdhTxCWMxbswddMQBwno/iv/6BKwBMBpbUQETcHrHg==",
        "dependencies": {
          "Microsoft.Agents.AI": "1.16.0",
          "Microsoft.Agents.AI.Abstractions": "1.16.0",
          "Microsoft.Extensions.AI": "10.7.0",
          "Microsoft.Extensions.AI.Abstractions": "10.7.0",
          "Microsoft.Extensions.AI.Evaluation": "10.7.0",
          "Microsoft.Extensions.Compliance.Abstractions": "10.5.0",
          "Microsoft.Extensions.DependencyInjection.Abstractions": "10.0.9",
          "Microsoft.Extensions.FileSystemGlobbing": "10.0.6",
          "Microsoft.Extensions.Logging.Abstractions": "10.0.9",
          "Microsoft.Extensions.VectorData.Abstractions": "10.7.0",
          "Microsoft.ML.Tokenizers": "2.0.0",
          "OpenTelemetry.Api": "1.15.3"
        }
      },
      "Microsoft.DurableTask.Client": {
        "type": "Direct",
        "requested": "[1.18.0, )",
        "resolved": "1.18.0",
        "contentHash": "Ow4NKgrTFldbCQYHTwXGs2HjslJQ9RYuH+XRMHzCVWXa92ej82RqzLMP6Dp5Pi3Qsw0J5FsTjmln8BfDIEnM9Q==",
        "dependencies": {
          "Microsoft.DurableTask.Abstractions": "1.18.0",
          "Microsoft.Extensions.Options": "10.0.0"
        }
      },
      "Microsoft.DurableTask.Client.AzureManaged": {
        "type": "Direct",
        "requested": "[1.18.0, )",
        "resolved": "1.18.0",
        "contentHash": "WKjYGuPqO0S0ciGnUEJRjjzBDrxGjA10zZ9LwStybRWOJEzf5nl7aJy76V6ZyIVUHWtLX+dLLEY8rD0+c1/N0g==",
        "dependencies": {
          "Azure.Identity": "1.17.1",
          "Grpc.Net.Client": "2.67.0",
          "Microsoft.DurableTask.Client.Grpc": "1.18.0",
          "Microsoft.Extensions.Options.DataAnnotations": "10.0.0"
        }
      },
      "Microsoft.DurableTask.Worker": {
        "type": "Direct",
        "requested": "[1.18.0, )",
        "resolved": "1.18.0",
        "contentHash": "bQd432z851/BLOCsiIWigwvWMeI3gQHxe51s2/bflvg+EeUYHz1AzCGWPDbIKnG4zXl6qfLzk2fpv+ZOapQIKQ==",
        "dependencies": {
          "Microsoft.DurableTask.Abstractions": "1.18.0",
          "Microsoft.Extensions.Caching.Memory": "10.0.0",
          "Microsoft.Extensions.Hosting.Abstractions": "10.0.0",
          "Microsoft.Extensions.Options": "10.0.0"
        }
      },
      "Microsoft.DurableTask.Worker.AzureManaged": {
        "type": "Direct",
        "requested": "[1.18.0, )",
        "resolved": "1.18.0",
        "contentHash": "n1WD1bKPU3GLeKaaK5tRwDJ84/ezMb5uqSRAUD5Mhyq5+PILtA2aJbdee9Z67xBkMgMcuqRzee788a30hlikpA==",
        "dependencies": {
          "Azure.Identity": "1.17.1",
          "Grpc.Net.Client": "2.67.0",
          "Microsoft.DurableTask.Worker.Grpc": "1.18.0",
          "Microsoft.Extensions.Options.DataAnnotations": "10.0.0"
        }
      },
      "Azure.Core": {
        "type": "Transitive",
        "resolved": "1.50.0",
        "contentHash": "GBNKZEhdIbTXxedvD3R7I/yDVFX9jJJEz02kCziFSJxspSQ5RMHc3GktulJ1s7+ffXaXD7kMgrtdQTaggyInLw==",
        "dependencies": {
          "Microsoft.Bcl.AsyncInterfaces": "8.0.0",
          "System.ClientModel": "1.8.0",
          "System.Memory.Data": "8.0.1"
        }
      },
      "Azure.Identity": {
        "type": "Transitive",
        "resolved": "1.17.1",
        "contentHash": "MSZkBrctcpiGxs9Cvr2VKKoN6qFLZlP3I6xuCWJ9iTgitI5Rgxtk5gfOSpXPZE3+CJmZ/mnqpQyGyjawFn5Vvg==",
        "dependencies": {
          "Azure.Core": "1.50.0",
          "Microsoft.Identity.Client": "4.78.0",
          "Microsoft.Identity.Client.Extensions.Msal": "4.78.0"
        }
      },
      "Castle.Core": {
        "type": "Transitive",
        "resolved": "5.0.0",
        "contentHash": "edc8jjyXqzzy8jFdhs36FZdwmlDDTgqPb2Zy1Q5F/f2uAc88bu/VS/0Tpvgupmpl9zJOvOo5ZizVANb0ltN1NQ==",
        "dependencies": {
          "System.Diagnostics.EventLog": "6.0.0"
        }
      },
      "Google.Protobuf": {
        "type": "Transitive",
        "resolved": "3.33.1",
        "contentHash": "RztiFmX9aOWDwfhxFzx/nS4fjs4DX7ZC7/XBEBl56k15lPGBftvbSwZkeo1mMCJHrNp1kK5iQYrFXB4MqCmBCA=="
      },
      "Grpc.Core.Api": {
        "type": "Transitive",
        "resolved": "2.67.0",
        "contentHash": "cL1/2f8kc8lsAGNdfCU25deedXVehhLA6GXKLLN4hAWx16XN7BmjYn3gFU+FBpir5yJynvDTHEypr3Tl0j7x/Q=="
      },
      "Grpc.Net.Client": {
        "type": "Transitive",
        "resolved": "2.67.0",
        "contentHash": "ofTjJQfegWkVlk5R4k/LlwpcucpsBzntygd4iAeuKd/eLMkmBWoXN+xcjYJ5IibAahRpIJU461jABZvT6E9dwA==",
        "dependencies": {
          "Grpc.Net.Common": "2.67.0",
          "Microsoft.Extensions.Logging.Abstractions": "6.0.0"
        }
      },
      "Grpc.Net.Common": {
        "type": "Transitive",
        "resolved": "2.67.0",
        "contentHash": "gazn1cD2Eol0/W5ZJRV4PYbNrxJ9oMs8pGYux5S9E4MymClvl7aqYSmpqgmWAUWvziRqK9K+yt3cjCMfQ3x/5A==",
        "dependencies": {
          "Grpc.Core.Api": "2.67.0"
        }
      },
      "Microsoft.Agents.AI": {
        "type": "Transitive",
        "resolved": "1.16.0",
        "contentHash": "TTyxM/+gAaKWwadxzY2FqY/8baWBzuSWwwH9L9FgkQQ2awsG+yhZjzzIwBgqozAnTPLPTA59h+mDObG1miuINw==",
        "dependencies": {
          "Microsoft.Agents.AI.Abstractions": "1.16.0",
          "Microsoft.Extensions.AI": "10.7.0",
          "Microsoft.Extensions.AI.Abstractions": "10.7.0",
          "Microsoft.Extensions.AI.Evaluation": "10.7.0",
          "Microsoft.Extensions.Compliance.Abstractions": "10.5.0",
          "Microsoft.Extensions.DependencyInjection.Abstractions": "10.0.9",
          "Microsoft.Extensions.FileSystemGlobbing": "10.0.6",
          "Microsoft.Extensions.Logging.Abstractions": "10.0.9",
          "Microsoft.Extensions.VectorData.Abstractions": "10.7.0",
          "Microsoft.ML.Tokenizers": "2.0.0"
        }
      },
      "Microsoft.Agents.AI.Abstractions": {
        "type": "Transitive",
        "resolved": "1.16.0",
        "contentHash": "7PuWDH7rICvt1qjAQAZLFmWv6fUXQDL6zhGPFQh/hQRyM7wWKm84evpYKQBaBNJ2O6d+w6ceoFmXmddMoIgD8w==",
        "dependencies": {
          "Microsoft.Extensions.AI.Abstractions": "10.7.0"
        }
      },
      "Microsoft.Azure.DurableTask.Core": {
        "type": "Transitive",
        "resolved": "3.6.0",
        "contentHash": "sCCeZvC3nJvJ2vQj9SOmiXUXC+KZnrwtQqQHo4h5iojisleJL3+B6P/QTxyVrKUamWCd/rREyDb5gilaswFZeA==",
        "dependencies": {
          "Castle.Core": "5.0.0",
          "Microsoft.Extensions.Logging.Abstractions": "6.0.1",
          "Newtonsoft.Json": "13.0.1",
          "System.Reactive.Compatibility": "4.4.1",
          "System.Reactive.Core": "4.4.1"
        }
      },
      "Microsoft.Bcl.AsyncInterfaces": {
        "type": "Transitive",
        "resolved": "10.0.9",
        "contentHash": "Aq7M8lG6BrHeatqKqncVm9m55ec34k6nnfPRLe/PvGg+b/pAsRM2ejofeKmCLjTXMa+5NGXm382f8CG/D5WDow=="
      },
      "Microsoft.DurableTask.Abstractions": {
        "type": "Transitive",
        "resolved": "1.18.0",
        "contentHash": "Onwmy2fuB2a14d7naiiNUZrUpZqnlzs//EDTVY+/MbDhqeGOF4JTJsi41RcjMq5yhY/fKBFOtxRGz2slIHGeVg==",
        "dependencies": {
          "Microsoft.Azure.DurableTask.Core": "3.6.0",
          "Microsoft.Bcl.AsyncInterfaces": "10.0.0",
          "Microsoft.Extensions.DependencyInjection.Abstractions": "10.0.0",
          "Microsoft.Extensions.Logging.Abstractions": "10.0.0"
        }
      },
      "Microsoft.DurableTask.Client.Grpc": {
        "type": "Transitive",
        "resolved": "1.18.0",
        "contentHash": "dyRuyyjxX1lfpmCpJPfdJKiAKbzPEDYTyf7tcg3eGDNUuEEhJtRFND08MWJq6Kd/ME7Uu31zQUxK24FW6cjEaA==",
        "dependencies": {
          "Microsoft.DurableTask.Client": "1.18.0",
          "Microsoft.DurableTask.Grpc": "1.18.0",
          "Microsoft.Extensions.Configuration.Abstractions": "10.0.0",
          "Microsoft.Extensions.DependencyInjection.Abstractions": "10.0.0"
        }
      },
      "Microsoft.DurableTask.Grpc": {
        "type": "Transitive",
        "resolved": "1.18.0",
        "contentHash": "ZAAMD54Zst1+6VIZnkBpHcGVXbWMBBid10hUSt4F66JNKeFTbi4t5q7TTNUSsHATyR0t88U6m91oXlVs0U7UYw==",
        "dependencies": {
          "Google.Protobuf": "3.33.1",
          "Grpc.Net.Client": "2.67.0"
        }
      },
      "Microsoft.DurableTask.Worker.Grpc": {
        "type": "Transitive",
        "resolved": "1.18.0",
        "contentHash": "B1xJ9mBa46AuMDbQdKvaFZvPajxzpCn31FyoBKoejTITYb7V3b2nvSHMAUVYVaCAmoUdceWGb9M68pZnB/vT7Q==",
        "dependencies": {
          "Microsoft.DurableTask.Abstractions": "1.18.0",
          "Microsoft.DurableTask.Grpc": "1.18.0",
          "Microsoft.DurableTask.Worker": "1.18.0"
        }
      },
      "Microsoft.Extensions.AI": {
        "type": "Transitive",
        "resolved": "10.7.0",
        "contentHash": "r8z4uyPq0kTk4+jH92/hPshf3HNUXKOQ9axJwp57QFz43G45BG4DNYpVE0vuSan1dI69LtWx9ttF0Z2ibnghNg==",
        "dependencies": {
          "Microsoft.Extensions.AI.Abstractions": "10.7.0",
          "Microsoft.Extensions.Caching.Abstractions": "10.0.9",
          "Microsoft.Extensions.DependencyInjection.Abstractions": "10.0.9",
          "Microsoft.Extensions.Logging.Abstractions": "10.0.9",
          "System.Numerics.Tensors": "10.0.9"
        }
      },
      "Microsoft.Extensions.AI.Abstractions": {
        "type": "Transitive",
        "resolved": "10.7.0",
        "contentHash": "Lf822igMm8NkTYHZhTp7kjoNYkLLEvJnX3SkG/LVBvsZHC0Y9choogHz8YtITBoy0TOylM3kVUZ6iaHf0my0ug=="
      },
      "Microsoft.Extensions.AI.Evaluation": {
        "type": "Transitive",
        "resolved": "10.7.0",
        "contentHash": "BdbJNfhc/pb3RkD19Sm/XuLK3x5AdU+AB+0HC8Nlu7WZTrVLnA8lpqIx1BB4k+KIKy5ZSH5RVH5HHfT+gwL9yg==",
        "dependencies": {
          "Microsoft.Extensions.AI.Abstractions": "10.7.0"
        }
      },
      "Microsoft.Extensions.Caching.Abstractions": {
        "type": "Transitive",
        "resolved": "10.0.9",
        "contentHash": "5fGxcw2vuYp8s0wio9H1ECiuk4iKSdTIlNuigdLIrkhg+5XAwgFVDB/5Ots3pfN/QhABLYXutA79JFtnUKDSHA==",
        "dependencies": {
          "Microsoft.Extensions.Primitives": "10.0.9"
        }
      },
      "Microsoft.Extensions.Caching.Memory": {
        "type": "Transitive",
        "resolved": "10.0.0",
        "contentHash": "krK19MKp0BNiR9rpBDW7PKSrTMLVlifS9am3CVc4O1Jq6GWz0o4F+sw5OSL4L3mVd56W8l6JRgghUa2KB51vOw==",
        "dependencies": {
          "Microsoft.Extensions.Caching.Abstractions": "10.0.0",
          "Microsoft.Extensions.DependencyInjection.Abstractions": "10.0.0",
          "Microsoft.Extensions.Logging.Abstractions": "10.0.0",
          "Microsoft.Extensions.Options": "10.0.0",
          "Microsoft.Extensions.Primitives": "10.0.0"
        }
      },
      "Microsoft.Extensions.Compliance.Abstractions": {
        "type": "Transitive",
        "resolved": "10.5.0",
        "contentHash": "xbWZji13Vb2jDJNtwVrKpI09jd8x3n3fL+GzhiLK+8O5Wc2A+GyqCZalST2fV46Pf0QfCwkXf83y+3/rDkCd7A==",
        "dependencies": {
          "Microsoft.Extensions.DependencyInjection.Abstractions": "10.0.6",
          "Microsoft.Extensions.ObjectPool": "10.0.6"
        }
      },
      "Microsoft.Extensions.Configuration.Abstractions": {
        "type": "Transitive",
        "resolved": "10.0.0",
        "contentHash": "d2kDKnCsJvY7mBVhcjPSp9BkJk48DsaHPg5u+Oy4f8XaOqnEedRy/USyvnpHL92wpJ6DrTPy7htppUUzskbCXQ==",
        "dependencies": {
          "Microsoft.Extensions.Primitives": "10.0.0"
        }
      },
      "Microsoft.Extensions.DependencyInjection.Abstractions": {
        "type": "Transitive",
        "resolved": "10.0.9",
        "contentHash": "g41l/30G3K4B/d/L8kjux0+30e27c8D0FVQ/PFCpbekgfDpj9mnDhieP67EqXWvl1EWNeZh2rpR4F5B/jcDOHA=="
      },
      "Microsoft.Extensions.Diagnostics.Abstractions": {
        "type": "Transitive",
        "resolved": "10.0.0",
        "contentHash": "SfK89ytD61S7DgzorFljSkUeluC1ncn6dtZgwc0ot39f/BEYWBl5jpgvodxduoYAs1d9HG8faCDRZxE95UMo2A==",
        "dependencies": {
          "Microsoft.Extensions.DependencyInjection.Abstractions": "10.0.0",
          "Microsoft.Extensions.Options": "10.0.0"
        }
      },
      "Microsoft.Extensions.FileProviders.Abstractions": {
        "type": "Transitive",
        "resolved": "10.0.0",
        "contentHash": "/ppSdehKk3fuXjlqCDgSOtjRK/pSHU8eWgzSHfHdwVm5BP4Dgejehkw+PtxKG2j98qTDEHDst2Y99aNsmJldmw==",
        "dependencies": {
          "Microsoft.Extensions.Primitives": "10.0.0"
        }
      },
      "Microsoft.Extensions.FileSystemGlobbing": {
        "type": "Transitive",
        "resolved": "10.0.6",
        "contentHash": "EG9GuYJlj1o1G8maSpKceZdj88OehKFRWaWp8BWUQWlvIJDWD8N0sIYDoRMGL/yX85H8KbVYPR9+dH/UjPEiKw=="
      },
      "Microsoft.Extensions.Hosting.Abstractions": {
        "type": "Transitive",
        "resolved": "10.0.0",
        "contentHash": "KrN6TGFwCwqOkLLk/idW/XtDQh+8In+CL9T4M1Dx+5ScsjTq4TlVbal8q532m82UYrMr6RiQJF2HvYCN0QwVsA==",
        "dependencies": {
          "Microsoft.Extensions.Configuration.Abstractions": "10.0.0",
          "Microsoft.Extensions.DependencyInjection.Abstractions": "10.0.0",
          "Microsoft.Extensions.Diagnostics.Abstractions": "10.0.0",
          "Microsoft.Extensions.FileProviders.Abstractions": "10.0.0",
          "Microsoft.Extensions.Logging.Abstractions": "10.0.0"
        }
      },
      "Microsoft.Extensions.Logging.Abstractions": {
        "type": "Transitive",
        "resolved": "10.0.9",
        "contentHash": "9S/DFt4cohlMPpzIxjG6kk0L8MuN2vDm9pbMCulxtJzzk82oJHVLBd8vuQxaPskaYQwKqmFmbannf5eoChgjYg==",
        "dependencies": {
          "Microsoft.Extensions.DependencyInjection.Abstractions": "10.0.9"
        }
      },
      "Microsoft.Extensions.ObjectPool": {
        "type": "Transitive",
        "resolved": "10.0.6",
        "contentHash": "2Jafd4fdxxiwiQ08mcF+Lf3vqikkQZusGVThOKZNSmPDceGk4IwkjeHL7OEb9Ov8q9ICY5wofL98CS153K5VvQ=="
      },
      "Microsoft.Extensions.Options": {
        "type": "Transitive",
        "resolved": "10.0.0",
        "contentHash": "8oCAgXOow5XDrY9HaXX1QmH3ORsyZO/ANVHBlhLyCeWTH5Sg4UuqZeOTWJi6484M+LqSx0RqQXDJtdYy2BNiLQ==",
        "dependencies": {
          "Microsoft.Extensions.DependencyInjection.Abstractions": "10.0.0",
          "Microsoft.Extensions.Primitives": "10.0.0"
        }
      },
      "Microsoft.Extensions.Options.DataAnnotations": {
        "type": "Transitive",
        "resolved": "10.0.0",
        "contentHash": "nwyF0pUubUWgzxw5y0g1Vsp2n/Psv4V7HekgUTlFK/pNlzZaQOBp56ww5GFeg4GpaMK8Lu+02XIEjqzoIcFJGw==",
        "dependencies": {
          "Microsoft.Extensions.DependencyInjection.Abstractions": "10.0.0",
          "Microsoft.Extensions.Options": "10.0.0"
        }
      },
      "Microsoft.Extensions.Primitives": {
        "type": "Transitive",
        "resolved": "10.0.9",
        "contentHash": "fmEbAUFsaIKirgLt/lYhuFRBwhcSJN31jjHgCdbQxJiWOum6EdLjkbgGuukSP9z/a+9LibaxII/kF+GwOXgC4g=="
      },
      "Microsoft.Extensions.VectorData.Abstractions": {
        "type": "Transitive",
        "resolved": "10.7.0",
        "contentHash": "eh0JLxoztc9Wz7TrFVRQyotMY9CBh2t22lMPvzy61yaBDDFBsrisrFOD4NId2z/ujwsHVKDtyfDb9tkXwSV5Vw==",
        "dependencies": {
          "Microsoft.Extensions.AI.Abstractions": "10.7.0"
        }
      },
      "Microsoft.Identity.Client": {
        "type": "Transitive",
        "resolved": "4.78.0",
        "contentHash": "vZ50HE9INSN+Ew8pCgTm0t7wzxQTqozF9L4MAsl64etXz0Teo0dbUvjpVzqDHRs6m1Vn8mHF04fGaxXrIvGpsg==",
        "dependencies": {
          "Microsoft.IdentityModel.Abstractions": "8.14.0"
        }
      },
      "Microsoft.Identity.Client.Extensions.Msal": {
        "type": "Transitive",
        "resolved": "4.78.0",
        "contentHash": "DYU9o+DrDQuyZxeq91GBA9eNqBvA3ZMkLzQpF7L9dTk6FcIBM1y1IHXWqiKXTvptPF7CZE59upbyUoa+FJ5eiA==",
        "dependencies": {
          "Microsoft.Identity.Client": "4.78.0",
          "System.Security.Cryptography.ProtectedData": "4.5.0"
        }
      },
      "Microsoft.IdentityModel.Abstractions": {
        "type": "Transitive",
        "resolved": "8.14.0",
        "contentHash": "iwbCpSjD3ehfTwBhtSNEtKPK0ICun6ov7Ibx6ISNA9bfwIyzI2Siwyi9eJFCJBwxowK9xcA1mj+jBWiigeqgcQ=="
      },
      "Microsoft.ML.Tokenizers": {
        "type": "Transitive",
        "resolved": "2.0.0",
        "contentHash": "+b8lT4cLLO/sBR2hjvE/qG6qrZG15h7/PBvnIrzTh4xDaAxdHUY6449rC+1pHzQUsBiCHZVbj+VMn+xS0sL7TA==",
        "dependencies": {
          "Google.Protobuf": "3.30.2"
        }
      },
      "Newtonsoft.Json": {
        "type": "Transitive",
        "resolved": "13.0.4",
        "contentHash": "pdgNNMai3zv51W5aq268sujXUyx7SNdE2bj1wZcWjAQrKMFZV260lbqYop1d2GM67JI1huLRwxo9ZqnfF/lC6A=="
      },
      "OpenTelemetry.Api": {
        "type": "Transitive",
        "resolved": "1.15.3",
        "contentHash": "fX+fkCysfPut+qCcT3bKqyX4QN9Saf4CgX8HLOHywEVD+Xr7sULtfuypITpoDysjx8R59dn/3mWhgimMH8cm/g=="
      },
      "System.ClientModel": {
        "type": "Transitive",
        "resolved": "1.8.0",
        "contentHash": "AqRzhn0v29GGGLj/Z6gKq4lGNtvPHT4nHdG5PDJh9IfVjv/nYUVmX11hwwws1vDFeIAzrvmn0dPu8IjLtu6fAw==",
        "dependencies": {
          "Microsoft.Extensions.Logging.Abstractions": "8.0.3",
          "System.Memory.Data": "8.0.1"
        }
      },
      "System.Diagnostics.EventLog": {
        "type": "Transitive",
        "resolved": "6.0.0",
        "contentHash": "lcyUiXTsETK2ALsZrX+nWuHSIQeazhqPphLfaRxzdGaG93+0kELqpgEHtwWOlQe7+jSFnKwaCAgL4kjeZCQJnw=="
      },
      "System.Memory.Data": {
        "type": "Transitive",
        "resolved": "8.0.1",
        "contentHash": "BVYuec3jV23EMRDeR7Dr1/qhx7369dZzJ9IWy2xylvb4YfXsrUxspWc4UWYid/tj4zZK58uGZqn2WQiaDMhmAg=="
      },
      "System.Numerics.Tensors": {
        "type": "Transitive",
        "resolved": "10.0.9",
        "contentHash": "Rb71S3gggYVwEce9ugNw91vbr4vC4gThtx/imSJtLBW3AupEKujJPPQL6xF9q0DcNm6+z7hnYk7XqXaUpA4wDg=="
      },
      "System.Reactive": {
        "type": "Transitive",
        "resolved": "4.4.1",
        "contentHash": "iSTPeWR9HJhGoNV4WhVlvofuiTjpok1i4E3LPgMdbMqf3jKhFlT9HAlO32lb52NLppWC/4dZQFfUzTytvyXBmw=="
      },
      "System.Reactive.Compatibility": {
        "type": "Transitive",
        "resolved": "4.4.1",
        "contentHash": "Ad2/TBOBV0/45pzccpbQj2vo3S85uipF/PfqkbQUnH0vOtBqrXd1eqWtky5YTXq/WIRU1HF62HFSOdXiNC+E4A==",
        "dependencies": {
          "System.Reactive.Core": "4.4.1",
          "System.Reactive.Interfaces": "4.4.1",
          "System.Reactive.Linq": "4.4.1",
          "System.Reactive.PlatformServices": "4.4.1",
          "System.Reactive.Providers": "4.4.1"
        }
      },
      "System.Reactive.Core": {
        "type": "Transitive",
        "resolved": "4.4.1",
        "contentHash": "YQHJOt8hZvwFelIIfs19t8Jhz5P6NS1ZZccbVUuE1LFyoFZjaUecdYIYykgXzpyj5Rl40XC3xkyuuhHRaAln2w==",
        "dependencies": {
          "System.Reactive": "4.4.1"
        }
      },
      "System.Reactive.Interfaces": {
        "type": "Transitive",
        "resolved": "4.4.1",
        "contentHash": "Pk++rL2lxe6yhBEzgc9eJWR57YxYxtAmcz9U0JdKyHEzTLqba3B7MhhYrpN2ToTPVRyJJzxMdPdLieIJvlsACg==",
        "dependencies": {
          "System.Reactive": "4.4.1"
        }
      },
      "System.Reactive.Linq": {
        "type": "Transitive",
        "resolved": "4.4.1",
        "contentHash": "wyOVuUyHmPV667REPwcZjFjOlRLX6qSGVcXMye0qUqBAWFB3bu1RO1XLGWZTnf0d67DQHV69kw7tAtTh+4EYyQ==",
        "dependencies": {
          "System.Reactive": "4.4.1"
        }
      },
      "System.Reactive.PlatformServices": {
        "type": "Transitive",
        "resolved": "4.4.1",
        "contentHash": "jVF40bEwEES1DpDxI8pRcVEkH/TztFCOSToMYIK6TNE5QojsQljfvZd6jaDG4jRZ9hkoMYyUbkeSDYG/1ldPDg==",
        "dependencies": {
          "System.Reactive": "4.4.1"
        }
      },
      "System.Reactive.Providers": {
        "type": "Transitive",
        "resolved": "4.4.1",
        "contentHash": "K9RDgMHsuceX8QTk5ALCgYpexA9qcMsIi4K97Eigqcz9hD6fa4Smrjy8F/m6YdVJZFsBGaZ3uwj+d0loAdMfbA==",
        "dependencies": {
          "System.Reactive": "4.4.1"
        }
      },
      "System.Security.Cryptography.ProtectedData": {
        "type": "Transitive",
        "resolved": "4.5.0",
        "contentHash": "wLBKzFnDCxP12VL9ANydSYhk59fC4cvOr9ypYQLPnAj48NQIhqnjdD2yhP8yEKyBJEjERWS9DisKL7rX5eU25Q=="
      }
    }
  }
}