Microsoft Visual Studio Solution File, Format Version 12.00
# Visual Studio Version 17
VisualStudioVersion = 17.0.31903.59
MinimumVisualStudioVersion = 10.0.40219.1
Project("{FAE04EC0-301F-11D3-BF4B-00C04F79EFBC}") = "Wpcp.Domain", "src\\Wpcp.Domain\\Wpcp.Domain.csproj", "{E5026CD5-8244-4FE3-BD4D-1A32E2931A74}"
EndProject
Project("{FAE04EC0-301F-11D3-BF4B-00C04F79EFBC}") = "Wpcp.Storage.Postgres", "src\\Wpcp.Storage.Postgres\\Wpcp.Storage.Postgres.csproj", "{FC3472F1-890A-4B7B-BE27-1BD00C40F75B}"
EndProject
Project("{FAE04EC0-301F-11D3-BF4B-00C04F79EFBC}") = "Wpcp.Api", "src\\Wpcp.Api\\Wpcp.Api.csproj", "{16D7B331-584A-4E2F-9D5D-69F9E17DE3A4}"
EndProject
Project("{FAE04EC0-301F-11D3-BF4B-00C04F79EFBC}") = "Wpcp.Worker", "src\\Wpcp.Worker\\Wpcp.Worker.csproj", "{88DA6EB7-050E-46DC-BD38-31F85E910AD2}"
EndProject
Project("{FAE04EC0-301F-11D3-BF4B-00C04F79EFBC}") = "Wpcp.OperatorCli", "src\\Wpcp.OperatorCli\\Wpcp.OperatorCli.csproj", "{633D98FC-C75F-4C83-8782-9FDCA569119C}"
EndProject
Global
	GlobalSection(SolutionConfigurationPlatforms) = preSolution
		Debug|Any CPU = Debug|Any CPU
		Release|Any CPU = Release|Any CPU
	EndGlobalSection
	GlobalSection(ProjectConfigurationPlatforms) = postSolution
		{E5026CD5-8244-4FE3-BD4D-1A32E2931A74}.Debug|Any CPU.ActiveCfg = Debug|Any CPU
		{E5026CD5-8244-4FE3-BD4D-1A32E2931A74}.Debug|Any CPU.Build.0 = Debug|Any CPU
		{E5026CD5-8244-4FE3-BD4D-1A32E2931A74}.Release|Any CPU.ActiveCfg = Release|Any CPU
		{E5026CD5-8244-4FE3-BD4D-1A32E2931A74}.Release|Any CPU.Build.0 = Release|Any CPU
		{FC3472F1-890A-4B7B-BE27-1BD00C40F75B}.Debug|Any CPU.ActiveCfg = Debug|Any CPU
		{FC3472F1-890A-4B7B-BE27-1BD00C40F75B}.Debug|Any CPU.Build.0 = Debug|Any CPU
		{FC3472F1-890A-4B7B-BE27-1BD00C40F75B}.Release|Any CPU.ActiveCfg = Release|Any CPU
		{FC3472F1-890A-4B7B-BE27-1BD00C40F75B}.Release|Any CPU.Build.0 = Release|Any CPU
		{16D7B331-584A-4E2F-9D5D-69F9E17DE3A4}.Debug|Any CPU.ActiveCfg = Debug|Any CPU
		{16D7B331-584A-4E2F-9D5D-69F9E17DE3A4}.Debug|Any CPU.Build.0 = Debug|Any CPU
		{16D7B331-584A-4E2F-9D5D-69F9E17DE3A4}.Release|Any CPU.ActiveCfg = Release|Any CPU
		{16D7B331-584A-4E2F-9D5D-69F9E17DE3A4}.Release|Any CPU.Build.0 = Release|Any CPU
		{88DA6EB7-050E-46DC-BD38-31F85E910AD2}.Debug|Any CPU.ActiveCfg = Debug|Any CPU
		{88DA6EB7-050E-46DC-BD38-31F85E910AD2}.Debug|Any CPU.Build.0 = Debug|Any CPU
		{88DA6EB7-050E-46DC-BD38-31F85E910AD2}.Release|Any CPU.ActiveCfg = Release|Any CPU
		{88DA6EB7-050E-46DC-BD38-31F85E910AD2}.Release|Any CPU.Build.0 = Release|Any CPU
		{633D98FC-C75F-4C83-8782-9FDCA569119C}.Debug|Any CPU.ActiveCfg = Debug|Any CPU
		{633D98FC-C75F-4C83-8782-9FDCA569119C}.Debug|Any CPU.Build.0 = Debug|Any CPU
		{633D98FC-C75F-4C83-8782-9FDCA569119C}.Release|Any CPU.ActiveCfg = Release|Any CPU
		{633D98FC-C75F-4C83-8782-9FDCA569119C}.Release|Any CPU.Build.0 = Release|Any CPU
	EndGlobalSection
	GlobalSection(SolutionProperties) = preSolution
		HideSolutionNode = FALSE
	EndGlobalSection
EndGlobal
